// !$*UTF8*$!
{
	archiveVersion = 1;
	classes = {
	};
	objectVersion = 55;
	objects = {

/* Begin PBXBuildFile section */
		912DFC8328C842E900479EAB /* Tests_iOS.swift in Sources */ = {isa = PBXBuildFile; fileRef = 912DFC8228C842E900479EAB /* Tests_iOS.swift */; };
		912DFC8528C842E900479EAB /* Tests_iOSLaunchTests.swift in Sources */ = {isa = PBXBuildFile; fileRef = 912DFC8428C842E900479EAB /* Tests_iOSLaunchTests.swift */; };
		912DFC8F28C842E900479EAB /* Tests_macOS.swift in Sources */ = {isa = PBXBuildFile; fileRef = 912DFC8E28C842E900479EAB /* Tests_macOS.swift */; };
		912DFC9128C842E900479EAB /* Tests_macOSLaunchTests.swift in Sources */ = {isa = PBXBuildFile; fileRef = 912DFC9028C842E900479EAB /* Tests_macOSLaunchTests.swift */; };
		912DFC9228C842E900479EAB /* carditoApp.swift in Sources */ = {isa = PBXBuildFile; fileRef = 912DFC6A28C842E700479EAB /* carditoApp.swift */; };
		912DFC9328C842E900479EAB /* carditoApp.swift in Sources */ = {isa = PBXBuildFile; fileRef = 912DFC6A28C842E700479EAB /* carditoApp.swift */; };
		912DFC9428C842E900479EAB /* ContentView.swift in Sources */ = {isa = PBXBuildFile; fileRef = 912DFC6B28C842E700479EAB /* ContentView.swift */; };
		912DFC9528C842E900479EAB /* ContentView.swift in Sources */ = {isa = PBXBuildFile; fileRef = 912DFC6B28C842E700479EAB /* ContentView.swift */; };
		912DFC9628C842E900479EAB /* Assets.xcassets in Resources */ = {isa = PBXBuildFile; fileRef = 912DFC6C28C842E900479EAB /* Assets.xcassets */; };
		912DFC9728C842E900479EAB /* Assets.xcassets in Resources */ = {isa = PBXBuildFile; fileRef = 912DFC6C28C842E900479EAB /* Assets.xcassets */; };
/* End PBXBuildFile section */

/* Begin PBXContainerItemProxy section */
		912DFC7F28C842E900479EAB /* PBXContainerItemProxy */ = {
			isa = PBXContainerItemProxy;
			containerPortal = 912DFC6528C842E700479EAB /* Project object */;
			proxyType = 1;
			remoteGlobalIDString = 912DFC7028C842E900479EAB;
			remoteInfo = "cardito (iOS)";
		};
		912DFC8B28C842E900479EAB /* PBXContainerItemProxy */ = {
			isa = PBXContainerItemProxy;
			containerPortal = 912DFC6528C842E700479EAB /* Project object */;
			proxyType = 1;
			remoteGlobalIDString = 912DFC7628C842E900479EAB;
			remoteInfo = "cardito (macOS)";
		};
/* End PBXContainerItemProxy section */

/* Begin PBXFileReference section */
		912DFC6A28C842E700479EAB /* carditoApp.swift */ = {isa = PBXFileReference; lastKnownFileType = sourcecode.swift; path = carditoApp.swift; sourceTree = "<group>"; };
		912DFC6B28C842E700479EAB /* ContentView.swift */ = {isa = PBXFileReference; lastKnownFileType = sourcecode.swift; path = ContentView.swift; sourceTree = "<group>"; };
		912DFC6C28C842E900479EAB /* Assets.xcassets */ = {isa = PBXFileReference; lastKnownFileType = folder.assetcatalog; path = Assets.xcassets; sourceTree = "<group>"; };
		912DFC7128C842E900479EAB /* cardito.app */ = {isa = PBXFileReference; explicitFileType = wrapper.application; includeInIndex = 0; path = cardito.app; sourceTree = BUILT_PRODUCTS_DIR; };
		912DFC7728C842E900479EAB /* cardito.app */ = {isa = PBXFileReference; explicitFileType = wrapper.application; includeInIndex = 0; path = cardito.app; sourceTree = BUILT_PRODUCTS_DIR; };
		912DFC7928C842E900479EAB /* macOS.entitlements */ = {isa = PBXFileReference; lastKnownFileType = text.plist.entitlements; path = macOS.entitlements; sourceTree = "<group>"; };
		912DFC7E28C842E900479EAB /* Tests iOS.xctest */ = {isa = PBXFileReference; explicitFileType = wrapper.cfbundle; includeInIndex = 0; path = "Tests iOS.xctest"; sourceTree = BUILT_PRODUCTS_DIR; };
		912DFC8228C842E900479EAB /* Tests_iOS.swift */ = {isa = PBXFileReference; lastKnownFileType = sourcecode.swift; path = Tests_iOS.swift; sourceTree = "<group>"; };
		912DFC8428C842E900479EAB /* Tests_iOSLaunchTests.swift */ = {isa = PBXFileReference; lastKnownFileType = sourcecode.swift; path = Tests_iOSLaunchTests.swift; sourceTree = "<group>"; };
		912DFC8A28C842E900479EAB /* Tests macOS.xctest */ = {isa = PBXFileReference; explicitFileType = wrapper.cfbundle; includeInIndex = 0; path = "Tests macOS.xctest"; sourceTree = BUILT_PRODUCTS_DIR; };
		912DFC8E28C842E900479EAB /* Tests_macOS.swift */ = {isa = PBXFileReference; lastKnownFileType = sourcecode.swift; path = Tests_macOS.swift; sourceTree = "<group>"; };
		912DFC9028C842E900479EAB /* Tests_macOSLaunchTests.swift */ = {isa = PBXFileReference; lastKnownFileType = sourcecode.swift; path = Tests_macOSLaunchTests.swift; sourceTree = "<group>"; };
/* End PBXFileReference section */

/* Begin PBXFrameworksBuildPhase section */
		912DFC6E28C842E900479EAB /* Frameworks */ = {
			isa = PBXFrameworksBuildPhase;
			buildActionMask = 2147483647;
			files = (
			);
			runOnlyForDeploymentPostprocessing = 0;
		};
		912DFC7428C842E900479EAB /* Frameworks */ = {
			isa = PBXFrameworksBuildPhase;
			buildActionMask = 2147483647;
			files = (
			);
			runOnlyForDeploymentPostprocessing = 0;
		};
		912DFC7B28C842E900479EAB /* Frameworks */ = {
			isa = PBXFrameworksBuildPhase;
			buildActionMask = 2147483647;
			files = (
			);
			runOnlyForDeploymentPostprocessing = 0;
		};
		912DFC8728C842E900479EAB /* Frameworks */ = {
			isa = PBXFrameworksBuildPhase;
			buildActionMask = 2147483647;
			files = (
			);
			runOnlyForDeploymentPostprocessing = 0;
		};
/* End PBXFrameworksBuildPhase section */

/* Begin PBXGroup section */
		912DFC6428C842E700479EAB = {
			isa = PBXGroup;
			children = (
				912DFC6928C842E700479EAB /* Shared */,
				912DFC7828C842E900479EAB /* macOS */,
				912DFC8128C842E900479EAB /* Tests iOS */,
				912DFC8D28C842E900479EAB /* Tests macOS */,
				912DFC7228C842E900479EAB /* Products */,
			);
			sourceTree = "<group>";
		};
		912DFC6928C842E700479EAB /* Shared */ = {
			isa = PBXGroup;
			children = (
				912DFC6A28C842E700479EAB /* carditoApp.swift */,
				912DFC6B28C842E700479EAB /* ContentView.swift */,
				912DFC6C28C842E900479EAB /* Assets.xcassets */,
			);
			path = Shared;
			sourceTree = "<group>";
		};
		912DFC7228C842E900479EAB /* Products */ = {
			isa = PBXGroup;
			children = (
				912DFC7128C842E900479EAB /* cardito.app */,
				912DFC7728C842E900479EAB /* cardito.app */,
				912DFC7E28C842E900479EAB /* Tests iOS.xctest */,
				912DFC8A28C842E900479EAB /* Tests macOS.xctest */,
			);
			name = Products;
			sourceTree = "<group>";
		};
		912DFC7828C842E900479EAB /* macOS */ = {
			isa = PBXGroup;
			children = (
				912DFC7928C842E900479EAB /* macOS.entitlements */,
			);
			path = macOS;
			sourceTree = "<group>";
		};
		912DFC8128C842E900479EAB /* Tests iOS */ = {
			isa = PBXGroup;
			children = (
				912DFC8228C842E900479EAB /* Tests_iOS.swift */,
				912DFC8428C842E900479EAB /* Tests_iOSLaunchTests.swift */,
			);
			path = "Tests iOS";
			sourceTree = "<group>";
		};
		912DFC8D28C842E900479EAB /* Tests macOS */ = {
			isa = PBXGroup;
			children = (
				912DFC8E28C842E900479EAB /* Tests_macOS.swift */,
				912DFC9028C842E900479EAB /* Tests_macOSLaunchTests.swift */,
			);
			path = "Tests macOS";
			sourceTree = "<group>";
		};
/* End PBXGroup section */

/* Begin PBXNativeTarget section */
		912DFC7028C842E900479EAB /* cardito (iOS) */ = {
			isa = PBXNativeTarget;
			buildConfigurationList = 912DFC9A28C842E900479EAB /* Build configuration list for PBXNativeTarget "cardito (iOS)" */;
			buildPhases = (
				912DFC6D28C842E900479EAB /* Sources */,
				912DFC6E28C842E900479EAB /* Frameworks */,
				912DFC6F28C842E900479EAB /* Resources */,
			);
			buildRules = (
			);
			dependencies = (
			);
			name = "cardito (iOS)";
			productName = "cardito (iOS)";
			productReference = 912DFC7128C842E900479EAB /* cardito.app */;
			productType = "com.apple.product-type.application";
		};
		912DFC7628C842E900479EAB /* cardito (macOS) */ = {
			isa = PBXNativeTarget;
			buildConfigurationList = 912DFC9D28C842E900479EAB /* Build configuration list for PBXNativeTarget "cardito (macOS)" */;
			buildPhases = (
				912DFC7328C842E900479EAB /* Sources */,
				912DFC7428C842E900479EAB /* Frameworks */,
				912DFC7528C842E900479EAB /* Resources */,
			);
			buildRules = (
			);
			dependencies = (
			);
			name = "cardito (macOS)";
			productName = "cardito (macOS)";
			productReference = 912DFC7728C842E900479EAB /* cardito.app */;
			productType = "com.apple.product-type.application";
		};
		912DFC7D28C842E900479EAB /* Tests iOS */ = {
			isa = PBXNativeTarget;
			buildConfigurationList = 912DFCA028C842E900479EAB /* Build configuration list for PBXNativeTarget "Tests iOS" */;
			buildPhases = (
				912DFC7A28C842E900479EAB /* Sources */,
				912DFC7B28C842E900479EAB /* Frameworks */,
				912DFC7C28C842E900479EAB /* Resources */,
			);
			buildRules = (
			);
			dependencies = (
				912DFC8028C842E900479EAB /* PBXTargetDependency */,
			);
			name = "Tests iOS";
			productName = "Tests iOS";
			productReference = 912DFC7E28C842E900479EAB /* Tests iOS.xctest */;
			productType = "com.apple.product-type.bundle.ui-testing";
		};
		912DFC8928C842E900479EAB /* Tests macOS */ = {
			isa = PBXNativeTarget;
			buildConfigurationList = 912DFCA328C842E900479EAB /* Build configuration list for PBXNativeTarget "Tests macOS" */;
			buildPhases = (
				912DFC8628C842E900479EAB /* Sources */,
				912DFC8728C842E900479EAB /* Frameworks */,
				912DFC8828C842E900479EAB /* Resources */,
			);
			buildRules = (
			);
			dependencies = (
				912DFC8C28C842E900479EAB /* PBXTargetDependency */,
			);
			name = "Tests macOS";
			productName = "Tests macOS";
			productReference = 912DFC8A28C842E900479EAB /* Tests macOS.xctest */;
			productType = "com.apple.product-type.bundle.ui-testing";
		};
/* End PBXNativeTarget section */

/* Begin PBXProject section */
		912DFC6528C842E700479EAB /* Project object */ = {
			isa = PBXProject;
			attributes = {
				BuildIndependentTargetsInParallel = 1;
				LastSwiftUpdateCheck = 1340;
				LastUpgradeCheck = 1340;
				TargetAttributes = {
					912DFC7028C842E900479EAB = {
						CreatedOnToolsVersion = 13.4.1;
					};
					912DFC7628C842E900479EAB = {
						CreatedOnToolsVersion = 13.4.1;
					};
					912DFC7D28C842E900479EAB = {
						CreatedOnToolsVersion = 13.4.1;
						TestTargetID = 912DFC7028C842E900479EAB;
					};
					912DFC8928C842E900479EAB = {
						CreatedOnToolsVersion = 13.4.1;
						TestTargetID = 912DFC7628C842E900479EAB;
					};
				};
			};
			buildConfigurationList = 912DFC6828C842E700479EAB /* Build configuration list for PBXProject "cardito" */;
			compatibilityVersion = "Xcode 13.0";
			developmentRegion = en;
			hasScannedForEncodings = 0;
			knownRegions = (
				en,
				Base,
			);
			mainGroup = 912DFC6428C842E700479EAB;
			productRefGroup = 912DFC7228C842E900479EAB /* Products */;
			projectDirPath = "";
			projectRoot = "";
			targets = (
				912DFC7028C842E900479EAB /* cardito (iOS) */,
				912DFC7628C842E900479EAB /* cardito (macOS) */,
				912DFC7D28C842E900479EAB /* Tests iOS */,
				912DFC8928C842E900479EAB /* Tests macOS */,
			);
		};
/* End PBXProject section */

/* Begin PBXResourcesBuildPhase section */
		912DFC6F28C842E900479EAB /* Resources */ = {
			isa = PBXResourcesBuildPhase;
			buildActionMask = 2147483647;
			files = (
				912DFC9628C842E900479EAB /* Assets.xcassets in Resources */,
			);
			runOnlyForDeploymentPostprocessing = 0;
		};
		912DFC7528C842E900479EAB /* Resources */ = {
			isa = PBXResourcesBuildPhase;
			buildActionMask = 2147483647;
			files = (
				912DFC9728C842E900479EAB /* Assets.xcassets in Resources */,
			);
			runOnlyForDeploymentPostprocessing = 0;
		};
		912DFC7C28C842E900479EAB /* Resources */ = {
			isa = PBXResourcesBuildPhase;
			buildActionMask = 2147483647;
			files = (
			);
			runOnlyForDeploymentPostprocessing = 0;
		};
		912DFC8828C842E900479EAB /* Resources */ = {
			isa = PBXResourcesBuildPhase;
			buildActionMask = 2147483647;
			files = (
			);
			runOnlyForDeploymentPostprocessing = 0;
		};
/* End PBXResourcesBuildPhase section */

/* Begin PBXSourcesBuildPhase section */
		912DFC6D28C842E900479EAB /* Sources */ = {
			isa = PBXSourcesBuildPhase;
			buildActionMask = 2147483647;
			files = (
				912DFC9428C842E900479EAB /* ContentView.swift in Sources */,
				912DFC9228C842E900479EAB /* carditoApp.swift in Sources */,
			);
			runOnlyForDeploymentPostprocessing = 0;
		};
		912DFC7328C842E900479EAB /* Sources */ = {
			isa = PBXSourcesBuildPhase;
			buildActionMask = 2147483647;
			files = (
				912DFC9528C842E900479EAB /* ContentView.swift in Sources */,
				912DFC9328C842E900479EAB /* carditoApp.swift in Sources */,
			);
			runOnlyForDeploymentPostprocessing = 0;
		};
		912DFC7A28C842E900479EAB /* Sources */ = {
			isa = PBXSourcesBuildPhase;
			buildActionMask = 2147483647;
			files = (
				912DFC8528C842E900479EAB /* Tests_iOSLaunchTests.swift in Sources */,
				912DFC8328C842E900479EAB /* Tests_iOS.swift in Sources */,
			);
			runOnlyForDeploymentPostprocessing = 0;
		};
		912DFC8628C842E900479EAB /* Sources */ = {
			isa = PBXSourcesBuildPhase;
			buildActionMask = 2147483647;
			files = (
				912DFC9128C842E900479EAB /* Tests_macOSLaunchTests.swift in Sources */,
				912DFC8F28C842E900479EAB /* Tests_macOS.swift in Sources */,
			);
			runOnlyForDeploymentPostprocessing = 0;
		};
/* End PBXSourcesBuildPhase section */

/* Begin PBXTargetDependency section */
		912DFC8028C842E900479EAB /* PBXTargetDependency */ = {
			isa = PBXTargetDependency;
			target = 912DFC7028C842E900479EAB /* cardito (iOS) */;
			targetProxy = 912DFC7F28C842E900479EAB /* PBXContainerItemProxy */;
		};
		912DFC8C28C842E900479EAB /* PBXTargetDependency */ = {
			isa = PBXTargetDependency;
			target = 912DFC7628C842E900479EAB /* cardito (macOS) */;
			targetProxy = 912DFC8B28C842E900479EAB /* PBXContainerItemProxy */;
		};
/* End PBXTargetDependency section */

/* Begin XCBuildConfiguration section */
		912DFC9828C842E900479EAB /* Debug */ = {
			isa = XCBuildConfiguration;
			buildSettings = {
				ALWAYS_SEARCH_USER_PATHS = NO;
				CLANG_ANALYZER_NONNULL = YES;
				CLANG_ANALYZER_NUMBER_OBJECT_CONVERSION = YES_AGGRESSIVE;
				CLANG_CXX_LANGUAGE_STANDARD = "gnu++17";
				CLANG_ENABLE_MODULES = YES;
				CLANG_ENABLE_OBJC_ARC = YES;
				CLANG_ENABLE_OBJC_WEAK = YES;
				CLANG_WARN_BLOCK_CAPTURE_AUTORELEASING = YES;
				CLANG_WARN_BOOL_CONVERSION = YES;
				CLANG_WARN_COMMA = YES;
				CLANG_WARN_CONSTANT_CONVERSION = YES;
				CLANG_WARN_DEPRECATED_OBJC_IMPLEMENTATIONS = YES;
				CLANG_WARN_DIRECT_OBJC_ISA_USAGE = YES_ERROR;
				CLANG_WARN_DOCUMENTATION_COMMENTS = YES;
				CLANG_WARN_EMPTY_BODY = YES;
				CLANG_WARN_ENUM_CONVERSION = YES;
				CLANG_WARN_INFINITE_RECURSION = YES;
				CLANG_WARN_INT_CONVERSION = YES;
				CLANG_WARN_NON_LITERAL_NULL_CONVERSION = YES;
				CLANG_WARN_OBJC_IMPLICIT_RETAIN_SELF = YES;
				CLANG_WARN_OBJC_LITERAL_CONVERSION = YES;
				CLANG_WARN_OBJC_ROOT_CLASS = YES_ERROR;
				CLANG_WARN_QUOTED_INCLUDE_IN_FRAMEWORK_HEADER = YES;
				CLANG_WARN_RANGE_LOOP_ANALYSIS = YES;
				CLANG_WARN_STRICT_PROTOTYPES = YES;
				CLANG_WARN_SUSPICIOUS_MOVE = YES;
				CLANG_WARN_UNGUARDED_AVAILABILITY = YES_AGGRESSIVE;
				CLANG_WARN_UNREACHABLE_CODE = YES;
				CLANG_WARN__DUPLICATE_METHOD_MATCH = YES;
				COPY_PHASE_STRIP = NO;
				DEBUG_INFORMATION_FORMAT = dwarf;
				ENABLE_STRICT_OBJC_MSGSEND = YES;
				ENABLE_TESTABILITY = YES;
				GCC_C_LANGUAGE_STANDARD = gnu11;
				GCC_DYNAMIC_NO_PIC = NO;
				GCC_NO_COMMON_BLOCKS = YES;
				GCC_OPTIMIZATION_LEVEL = 0;
				GCC_PREPROCESSOR_DEFINITIONS = (
					"DEBUG=1",
					"$(inherited)",
				);
				GCC_WARN_64_TO_32_BIT_CONVERSION = YES;
				GCC_WARN_ABOUT_RETURN_TYPE = YES_ERROR;
				GCC_WARN_UNDECLARED_SELECTOR = YES;
				GCC_WARN_UNINITIALIZED_AUTOS = YES_AGGRESSIVE;
				GCC_WARN_UNUSED_FUNCTION = YES;
				GCC_WARN_UNUSED_VARIABLE = YES;
				MTL_ENABLE_DEBUG_INFO = INCLUDE_SOURCE;
				MTL_FAST_MATH = YES;
				ONLY_ACTIVE_ARCH = YES;
				SWIFT_ACTIVE_COMPILATION_CONDITIONS = DEBUG;
				SWIFT_OPTIMIZATION_LEVEL = "-Onone";
			};
			name = Debug;
		};
		912DFC9928C842E900479EAB /* Release */ = {
			isa = XCBuildConfiguration;
			buildSettings = {
				ALWAYS_SEARCH_USER_PATHS = NO;
				CLANG_ANALYZER_NONNULL = YES;
				CLANG_ANALYZER_NUMBER_OBJECT_CONVERSION = YES_AGGRESSIVE;
				CLANG_CXX_LANGUAGE_STANDARD = "gnu++17";
				CLANG_ENABLE_MODULES = YES;
				CLANG_ENABLE_OBJC_ARC = YES;
				CLANG_ENABLE_OBJC_WEAK = YES;
				CLANG_WARN_BLOCK_CAPTURE_AUTORELEASING = YES;
				CLANG_WARN_BOOL_CONVERSION = YES;
				CLANG_WARN_COMMA = YES;
				CLANG_WARN_CONSTANT_CONVERSION = YES;
				CLANG_WARN_DEPRECATED_OBJC_IMPLEMENTATIONS = YES;
				CLANG_WARN_DIRECT_OBJC_ISA_USAGE = YES_ERROR;
				CLANG_WARN_DOCUMENTATION_COMMENTS = YES;
				CLANG_WARN_EMPTY_BODY = YES;
				CLANG_WARN_ENUM_CONVERSION = YES;
				CLANG_WARN_INFINITE_RECURSION = YES;
				CLANG_WARN_INT_CONVERSION = YES;
				CLANG_WARN_NON_LITERAL_NULL_CONVERSION = YES;
				CLANG_WARN_OBJC_IMPLICIT_RETAIN_SELF = YES;
				CLANG_WARN_OBJC_LITERAL_CONVERSION = YES;
				CLANG_WARN_OBJC_ROOT_CLASS = YES_ERROR;
				CLANG_WARN_QUOTED_INCLUDE_IN_FRAMEWORK_HEADER = YES;
				CLANG_WARN_RANGE_LOOP_ANALYSIS = YES;
				CLANG_WARN_STRICT_PROTOTYPES = YES;
				CLANG_WARN_SUSPICIOUS_MOVE = YES;
				CLANG_WARN_UNGUARDED_AVAILABILITY = YES_AGGRESSIVE;
				CLANG_WARN_UNREACHABLE_CODE = YES;
				CLANG_WARN__DUPLICATE_METHOD_MATCH = YES;
				COPY_PHASE_STRIP = NO;
				DEBUG_INFORMATION_FORMAT = "dwarf-with-dsym";
				ENABLE_NS_ASSERTIONS = NO;
				ENABLE_STRICT_OBJC_MSGSEND = YES;
				GCC_C_LANGUAGE_STANDARD = gnu11;
				GCC_NO_COMMON_BLOCKS = YES;
				GCC_WARN_64_TO_32_BIT_CONVERSION = YES;
				GCC_WARN_ABOUT_RETURN_TYPE = YES_ERROR;
				GCC_WARN_UNDECLARED_SELECTOR = YES;
				GCC_WARN_UNINITIALIZED_AUTOS = YES_AGGRESSIVE;
				GCC_WARN_UNUSED_FUNCTION = YES;
				GCC_WARN_UNUSED_VARIABLE = YES;
				MTL_ENABLE_DEBUG_INFO = NO;
				MTL_FAST_MATH = YES;
				SWIFT_COMPILATION_MODE = wholemodule;
				SWIFT_OPTIMIZATION_LEVEL = "-O";
			};
			name = Release;
		};
		912DFC9B28C842E900479EAB /* Debug */ = {
			isa = XCBuildConfiguration;
			buildSettings = {
				ASSETCATALOG_COMPILER_APPICON_NAME = AppIcon;
				ASSETCATALOG_COMPILER_GLOBAL_ACCENT_COLOR_NAME = AccentColor;
				CODE_SIGN_STYLE = Automatic;
				CURRENT_PROJECT_VERSION = 1;
				DEVELOPMENT_TEAM = 7B9VB3YTHK;
				ENABLE_PREVIEWS = YES;
				GENERATE_INFOPLIST_FILE = YES;
				INFOPLIST_KEY_UIApplicationSceneManifest_Generation = YES;
				INFOPLIST_KEY_UIApplicationSupportsIndirectInputEvents = YES;
				INFOPLIST_KEY_UILaunchScreen_Generation = YES;
				INFOPLIST_KEY_UISupportedInterfaceOrientations_iPad = "UIInterfaceOrientationPortrait UIInterfaceOrientationPortraitUpsideDown UIInterfaceOrientationLandscapeLeft UIInterfaceOrientationLandscapeRight";
				INFOPLIST_KEY_UISupportedInterfaceOrientations_iPhone = "UIInterfaceOrientationPortrait UIInterfaceOrientationLandscapeLeft UIInterfaceOrientationLandscapeRight";
				IPHONEOS_DEPLOYMENT_TARGET = 15.5;
				LD_RUNPATH_SEARCH_PATHS = (
					"$(inherited)",
					"@executable_path/Frameworks",
				);
				MARKETING_VERSION = 1.0;
				PRODUCT_BUNDLE_IDENTIFIER = com.xp123.cardito;
				PRODUCT_NAME = cardito;
				SDKROOT = iphoneos;
				SWIFT_EMIT_LOC_STRINGS = YES;
				SWIFT_VERSION = 5.0;
				TARGETED_DEVICE_FAMILY = "1,2";
			};
			name = Debug;
		};
		912DFC9C28C842E900479EAB /* Release */ = {
			isa = XCBuildConfiguration;
			buildSettings = {
				ASSETCATALOG_COMPILER_APPICON_NAME = AppIcon;
				ASSETCATALOG_COMPILER_GLOBAL_ACCENT_COLOR_NAME = AccentColor;
				CODE_SIGN_STYLE = Automatic;
				CURRENT_PROJECT_VERSION = 1;
				DEVELOPMENT_TEAM = 7B9VB3YTHK;
				ENABLE_PREVIEWS = YES;
				GENERATE_INFOPLIST_FILE = YES;
				INFOPLIST_KEY_UIApplicationSceneManifest_Generation = YES;
				INFOPLIST_KEY_UIApplicationSupportsIndirectInputEvents = YES;
				INFOPLIST_KEY_UILaunchScreen_Generation = YES;
				INFOPLIST_KEY_UISupportedInterfaceOrientations_iPad = "UIInterfaceOrientationPortrait UIInterfaceOrientationPortraitUpsideDown UIInterfaceOrientationLandscapeLeft UIInterfaceOrientationLandscapeRight";
				INFOPLIST_KEY_UISupportedInterfaceOrientations_iPhone = "UIInterfaceOrientationPortrait UIInterfaceOrientationLandscapeLeft UIInterfaceOrientationLandscapeRight";
				IPHONEOS_DEPLOYMENT_TARGET = 15.5;
				LD_RUNPATH_SEARCH_PATHS = (
					"$(inherited)",
					"@executable_path/Frameworks",
				);
				MARKETING_VERSION = 1.0;
				PRODUCT_BUNDLE_IDENTIFIER = com.xp123.cardito;
				PRODUCT_NAME = cardito;
				SDKROOT = iphoneos;
				SWIFT_EMIT_LOC_STRINGS = YES;
				SWIFT_VERSION = 5.0;
				TARGETED_DEVICE_FAMILY = "1,2";
				VALIDATE_PRODUCT = YES;
			};
			name = Release;
		};
		912DFC9E28C842E900479EAB /* Debug */ = {
			isa = XCBuildConfiguration;
			buildSettings = {
				ASSETCATALOG_COMPILER_APPICON_NAME = AppIcon;
				ASSETCATALOG_COMPILER_GLOBAL_ACCENT_COLOR_NAME = AccentColor;
				CODE_SIGN_ENTITLEMENTS = macOS/macOS.entitlements;
				CODE_SIGN_STYLE = Automatic;
				COMBINE_HIDPI_IMAGES = YES;
				CURRENT_PROJECT_VERSION = 1;
				DEVELOPMENT_TEAM = 7B9VB3YTHK;
				ENABLE_HARDENED_RUNTIME = YES;
				ENABLE_PREVIEWS = YES;
				GENERATE_INFOPLIST_FILE = YES;
				INFOPLIST_KEY_NSHumanReadableCopyright = "";
				LD_RUNPATH_SEARCH_PATHS = (
					"$(inherited)",
					"@executable_path/../Frameworks",
				);
				MACOSX_DEPLOYMENT_TARGET = 12.3;
				MARKETING_VERSION = 1.0;
				PRODUCT_BUNDLE_IDENTIFIER = com.xp123.cardito;
				PRODUCT_NAME = cardito;
				SDKROOT = macosx;
				SWIFT_EMIT_LOC_STRINGS = YES;
				SWIFT_VERSION = 5.0;
			};
			name = Debug;
		};
		912DFC9F28C842E900479EAB /* Release */ = {
			isa = XCBuildConfiguration;
			buildSettings = {
				ASSETCATALOG_COMPILER_APPICON_NAME = AppIcon;
				ASSETCATALOG_COMPILER_GLOBAL_ACCENT_COLOR_NAME = AccentColor;
				CODE_SIGN_ENTITLEMENTS = macOS/macOS.entitlements;
				CODE_SIGN_STYLE = Automatic;
				COMBINE_HIDPI_IMAGES = YES;
				CURRENT_PROJECT_VERSION = 1;
				DEVELOPMENT_TEAM = 7B9VB3YTHK;
				ENABLE_HARDENED_RUNTIME = YES;
				ENABLE_PREVIEWS = YES;
				GENERATE_INFOPLIST_FILE = YES;
				INFOPLIST_KEY_NSHumanReadableCopyright = "";
				LD_RUNPATH_SEARCH_PATHS = (
					"$(inherited)",
					"@executable_path/../Frameworks",
				);
				MACOSX_DEPLOYMENT_TARGET = 12.3;
				MARKETING_VERSION = 1.0;
				PRODUCT_BUNDLE_IDENTIFIER = com.xp123.cardito;
				PRODUCT_NAME = cardito;
				SDKROOT = macosx;
				SWIFT_EMIT_LOC_STRINGS = YES;
				SWIFT_VERSION = 5.0;
			};
			name = Release;
		};
		912DFCA128C842E900479EAB /* Debug */ = {
			isa = XCBuildConfiguration;
			buildSettings = {
				ALWAYS_EMBED_SWIFT_STANDARD_LIBRARIES = YES;
				CODE_SIGN_STYLE = Automatic;
				CURRENT_PROJECT_VERSION = 1;
				DEVELOPMENT_TEAM = 7B9VB3YTHK;
				GENERATE_INFOPLIST_FILE = YES;
				IPHONEOS_DEPLOYMENT_TARGET = 15.5;
				MARKETING_VERSION = 1.0;
				PRODUCT_BUNDLE_IDENTIFIER = "com.xp123.Tests-iOS";
				PRODUCT_NAME = "$(TARGET_NAME)";
				SDKROOT = iphoneos;
				SWIFT_EMIT_LOC_STRINGS = NO;
				SWIFT_VERSION = 5.0;
				TARGETED_DEVICE_FAMILY = "1,2";
				TEST_TARGET_NAME = "cardito (iOS)";
			};
			name = Debug;
		};
		912DFCA228C842E900479EAB /* Release */ = {
			isa = XCBuildConfiguration;
			buildSettings = {
				ALWAYS_EMBED_SWIFT_STANDARD_LIBRARIES = YES;
				CODE_SIGN_STYLE = Automatic;
				CURRENT_PROJECT_VERSION = 1;
				DEVELOPMENT_TEAM = 7B9VB3YTHK;
				GENERATE_INFOPLIST_FILE = YES;
				IPHONEOS_DEPLOYMENT_TARGET = 15.5;
				MARKETING_VERSION = 1.0;
				PRODUCT_BUNDLE_IDENTIFIER = "com.xp123.Tests-iOS";
				PRODUCT_NAME = "$(TARGET_NAME)";
				SDKROOT = iphoneos;
				SWIFT_EMIT_LOC_STRINGS = NO;
				SWIFT_VERSION = 5.0;
				TARGETED_DEVICE_FAMILY = "1,2";
				TEST_TARGET_NAME = "cardito (iOS)";
				VALIDATE_PRODUCT = YES;
			};
			name = Release;
		};
		912DFCA428C842E900479EAB /* Debug */ = {
			isa = XCBuildConfiguration;
			buildSettings = {
				ALWAYS_EMBED_SWIFT_STANDARD_LIBRARIES = YES;
				CODE_SIGN_STYLE = Automatic;
				CURRENT_PROJECT_VERSION = 1;
				DEVELOPMENT_TEAM = 7B9VB3YTHK;
				GENERATE_INFOPLIST_FILE = YES;
				MACOSX_DEPLOYMENT_TARGET = 12.3;
				MARKETING_VERSION = 1.0;
				PRODUCT_BUNDLE_IDENTIFIER = "com.xp123.Tests-macOS";
				PRODUCT_NAME = "$(TARGET_NAME)";
				SDKROOT = macosx;
				SWIFT_EMIT_LOC_STRINGS = NO;
				SWIFT_VERSION = 5.0;
				TEST_TARGET_NAME = "cardito (macOS)";
			};
			name = Debug;
		};
		912DFCA528C842E900479EAB /* Release */ = {
			isa = XCBuildConfiguration;
			buildSettings = {
				ALWAYS_EMBED_SWIFT_STANDARD_LIBRARIES = YES;
				CODE_SIGN_STYLE = Automatic;
				CURRENT_PROJECT_VERSION = 1;
				DEVELOPMENT_TEAM = 7B9VB3YTHK;
				GENERATE_INFOPLIST_FILE = YES;
				MACOSX_DEPLOYMENT_TARGET = 12.3;
				MARKETING_VERSION = 1.0;
				PRODUCT_BUNDLE_IDENTIFIER = "com.xp123.Tests-macOS";
				PRODUCT_NAME = "$(TARGET_NAME)";
				SDKROOT = macosx;
				SWIFT_EMIT_LOC_STRINGS = NO;
				SWIFT_VERSION = 5.0;
				TEST_TARGET_NAME = "cardito (macOS)";
			};
			name = Release;
		};
/* End XCBuildConfiguration section */

/* Begin XCConfigurationList section */
		912DFC6828C842E700479EAB /* Build configuration list for PBXProject "cardito" */ = {
			isa = XCConfigurationList;
			buildConfigurations = (
				912DFC9828C842E900479EAB /* Debug */,
				912DFC9928C842E900479EAB /* Release */,
			);
			defaultConfigurationIsVisible = 0;
			defaultConfigurationName = Release;
		};
		912DFC9A28C842E900479EAB /* Build configuration list for PBXNativeTarget "cardito (iOS)" */ = {
			isa = XCConfigurationList;
			buildConfigurations = (
				912DFC9B28C842E900479EAB /* Debug */,
				912DFC9C28C842E900479EAB /* Release */,
			);
			defaultConfigurationIsVisible = 0;
			defaultConfigurationName = Release;
		};
		912DFC9D28C842E900479EAB /* Build configuration list for PBXNativeTarget "cardito (macOS)" */ = {
			isa = XCConfigurationList;
			buildConfigurations = (
				912DFC9E28C842E900479EAB /* Debug */,
				912DFC9F28C842E900479EAB /* Release */,
			);
			defaultConfigurationIsVisible = 0;
			defaultConfigurationName = Release;
		};
		912DFCA028C842E900479EAB /* Build configuration list for PBXNativeTarget "Tests iOS" */ = {
			isa = XCConfigurationList;
			buildConfigurations = (
				912DFCA128C842E900479EAB /* Debug */,
				912DFCA228C842E900479EAB /* Release */,
			);
			defaultConfigurationIsVisible = 0;
			defaultConfigurationName = Release;
		};
		912DFCA328C842E900479EAB /* Build configuration list for PBXNativeTarget "Tests macOS" */ = {
			isa = XCConfigurationList;
			buildConfigurations = (
				912DFCA428C842E900479EAB /* Debug */,
				912DFCA528C842E900479EAB /* Release */,
			);
			defaultConfigurationIsVisible = 0;
			defaultConfigurationName = Release;
		};
/* End XCConfigurationList section */
	};
	rootObject = 912DFC6528C842E700479EAB /* Project object */;
}
